Microsoft Visual Studio Solution File, Format Version 12.00
# Visual Studio Version 17
VisualStudioVersion = 17.5.2.0
MinimumVisualStudioVersion = 10.0.40219.1
Project("{FAE04EC0-301F-11D3-BF4B-00C04F79EFBC}") = "PlanetGeneration", "PlanetGeneration.csproj", "{0E4A3978-4DC9-3CA2-D1AC-6DC45623502C}"
EndProject
Global
	GlobalSection(SolutionConfigurationPlatforms) = preSolution
		Debug|Any CPU = Debug|Any CPU
		Release|Any CPU = Release|Any CPU
	EndGlobalSection
	GlobalSection(ProjectConfigurationPlatforms) = postSolution
		{0E4A3978-4DC9-3CA2-D1AC-6DC45623502C}.Debug|Any CPU.ActiveCfg = Debug|Any CPU
		{0E4A3978-4DC9-3CA2-D1AC-6DC45623502C}.Debug|Any CPU.Build.0 = Debug|Any CPU
		{0E4A3978-4DC9-3CA2-D1AC-6DC45623502C}.Release|Any CPU.ActiveCfg = Release|Any CPU
		{0E4A3978-4DC9-3CA2-D1AC-6DC45623502C}.Release|Any CPU.Build.0 = Release|Any CPU
	EndGlobalSection
	GlobalSection(SolutionProperties) = preSolution
		HideSolutionNode = FALSE
	EndGlobalSection
	GlobalSection(ExtensibilityGlobals) = postSolution
		SolutionGuid = {36D8919D-358D-4C18-AC47-9837CB835814}
	EndGlobalSection
EndGlobal
