
Microsoft Visual Studio Solution File, Format Version 12.00
# Visual Studio Version 17
VisualStudioVersion = 17.5.2.0
MinimumVisualStudioVersion = 10.0.40219.1
Project("{FAE04EC0-301F-11D3-BF4B-00C04F79EFBC}") = "PlanetGeneration", "PlanetGeneration.csproj", "{0E4A3978-4DC9-3CA2-D1AC-6DC45623502C}"
EndProject
Project("{2150E333-8FDC-42A3-9474-1A3956D46DE8}") = "core", "core", "{FBF56CC3-7AE6-AD2D-3F14-7F97FD322CD6}"
EndProject
Project("{FAE04EC0-301F-11D3-BF4B-00C04F79EFBC}") = "PlanetGeneration.Core", "core\PlanetGeneration.Core.csproj", "{A8383A56-A0F4-4BAD-9B08-A2E8807B0063}"
EndProject
Project("{2150E333-8FDC-42A3-9474-1A3956D46DE8}") = "tests", "tests", "{0AB3BF05-4346-4AA6-1389-037BE0695223}"
EndProject
Project("{FAE04EC0-301F-11D3-BF4B-00C04F79EFBC}") = "PlanetGeneration.Core.SelfTest", "tests\PlanetGeneration.Core.SelfTest\PlanetGeneration.Core.SelfTest.csproj", "{26A099DB-EEEA-43B0-9678-57CC9D72C0AD}"
EndProject
Global
	GlobalSection(SolutionConfigurationPlatforms) = preSolution
		Debug|Any CPU = Debug|Any CPU
		Debug|x64 = Debug|x64
		Debug|x86 = Debug|x86
		Release|Any CPU = Release|Any CPU
		Release|x64 = Release|x64
		Release|x86 = Release|x86
	EndGlobalSection
	GlobalSection(ProjectConfigurationPlatforms) = postSolution
		{0E4A3978-4DC9-3CA2-D1AC-6DC45623502C}.Debug|Any CPU.ActiveCfg = Debug|Any CPU
		{0E4A3978-4DC9-3CA2-D1AC-6DC45623502C}.Debug|Any CPU.Build.0 = Debug|Any CPU
		{0E4A3978-4DC9-3CA2-D1AC-6DC45623502C}.Debug|x64.ActiveCfg = Debug|Any CPU
		{0E4A3978-4DC9-3CA2-D1AC-6DC45623502C}.Debug|x64.Build.0 = Debug|Any CPU
		{0E4A3978-4DC9-3CA2-D1AC-6DC45623502C}.Debug|x86.ActiveCfg = Debug|Any CPU
		{0E4A3978-4DC9-3CA2-D1AC-6DC45623502C}.Debug|x86.Build.0 = Debug|Any CPU
		{0E4A3978-4DC9-3CA2-D1AC-6DC45623502C}.Release|Any CPU.ActiveCfg = Release|Any CPU
		{0E4A3978-4DC9-3CA2-D1AC-6DC45623502C}.Release|Any CPU.Build.0 = Release|Any CPU
		{0E4A3978-4DC9-3CA2-D1AC-6DC45623502C}.Release|x64.ActiveCfg = Release|Any CPU
		{0E4A3978-4DC9-3CA2-D1AC-6DC45623502C}.Release|x64.Build.0 = Release|Any CPU
		{0E4A3978-4DC9-3CA2-D1AC-6DC45623502C}.Release|x86.ActiveCfg = Release|Any CPU
		{0E4A3978-4DC9-3CA2-D1AC-6DC45623502C}.Release|x86.Build.0 = Release|Any CPU
		{A8383A56-A0F4-4BAD-9B08-A2E8807B0063}.Debug|Any CPU.ActiveCfg = Debug|Any CPU
		{A8383A56-A0F4-4BAD-9B08-A2E8807B0063}.Debug|Any CPU.Build.0 = Debug|Any CPU
		{A8383A56-A0F4-4BAD-9B08-A2E8807B0063}.Debug|x64.ActiveCfg = Debug|Any CPU
		{A8383A56-A0F4-4BAD-9B08-A2E8807B0063}.Debug|x64.Build.0 = Debug|Any CPU
		{A8383A56-A0F4-4BAD-9B08-A2E8807B0063}.Debug|x86.ActiveCfg = Debug|Any CPU
		{A8383A56-A0F4-4BAD-9B08-A2E8807B0063}.Debug|x86.Build.0 = Debug|Any CPU
		{A8383A56-A0F4-4BAD-9B08-A2E8807B0063}.Release|Any CPU.ActiveCfg = Release|Any CPU
		{A8383A56-A0F4-4BAD-9B08-A2E8807B0063}.Release|Any CPU.Build.0 = Release|Any CPU
		{A8383A56-A0F4-4BAD-9B08-A2E8807B0063}.Release|x64.ActiveCfg = Release|Any CPU
		{A8383A56-A0F4-4BAD-9B08-A2E8807B0063}.Release|x64.Build.0 = Release|Any CPU
		{A8383A56-A0F4-4BAD-9B08-A2E8807B0063}.Release|x86.ActiveCfg = Release|Any CPU
		{A8383A56-A0F4-4BAD-9B08-A2E8807B0063}.Release|x86.Build.0 = Release|Any CPU
		{26A099DB-EEEA-43B0-9678-57CC9D72C0AD}.Debug|Any CPU.ActiveCfg = Debug|Any CPU
		{26A099DB-EEEA-43B0-9678-57CC9D72C0AD}.Debug|Any CPU.Build.0 = Debug|Any CPU
		{26A099DB-EEEA-43B0-9678-57CC9D72C0AD}.Debug|x64.ActiveCfg = Debug|Any CPU
		{26A099DB-EEEA-43B0-9678-57CC9D72C0AD}.Debug|x64.Build.0 = Debug|Any CPU
		{26A099DB-EEEA-43B0-9678-57CC9D72C0AD}.Debug|x86.ActiveCfg = Debug|Any CPU
		{26A099DB-EEEA-43B0-9678-57CC9D72C0AD}.Debug|x86.Build.0 = Debug|Any CPU
		{26A099DB-EEEA-43B0-9678-57CC9D72C0AD}.Release|Any CPU.ActiveCfg = Release|Any CPU
		{26A099DB-EEEA-43B0-9678-57CC9D72C0AD}.Release|Any CPU.Build.0 = Release|Any CPU
		{26A099DB-EEEA-43B0-9678-57CC9D72C0AD}.Release|x64.ActiveCfg = Release|Any CPU
		{26A099DB-EEEA-43B0-9678-57CC9D72C0AD}.Release|x64.Build.0 = Release|Any CPU
		{26A099DB-EEEA-43B0-9678-57CC9D72C0AD}.Release|x86.ActiveCfg = Release|Any CPU
		{26A099DB-EEEA-43B0-9678-57CC9D72C0AD}.Release|x86.Build.0 = Release|Any CPU
	EndGlobalSection
	GlobalSection(SolutionProperties) = preSolution
		HideSolutionNode = FALSE
	EndGlobalSection
	GlobalSection(NestedProjects) = preSolution
		{A8383A56-A0F4-4BAD-9B08-A2E8807B0063} = {FBF56CC3-7AE6-AD2D-3F14-7F97FD322CD6}
		{26A099DB-EEEA-43B0-9678-57CC9D72C0AD} = {0AB3BF05-4346-4AA6-1389-037BE0695223}
	EndGlobalSection
	GlobalSection(ExtensibilityGlobals) = postSolution
		SolutionGuid = {36D8919D-358D-4C18-AC47-9837CB835814}
	EndGlobalSection
EndGlobal
